// !$*UTF8*$!
{
	archiveVersion = 1;
	classes = {
	};
	objectVersion = 55;
	objects = {

/* Begin PBXBuildFile section */
		E7500B652805CFCA009E4D55 /* Tests_iOS.swift in Sources */ = {isa = PBXBuildFile; fileRef = E7500B642805CFCA009E4D55 /* Tests_iOS.swift */; };
		E7500B672805CFCA009E4D55 /* Tests_iOSLaunchTests.swift in Sources */ = {isa = PBXBuildFile; fileRef = E7500B662805CFCA009E4D55 /* Tests_iOSLaunchTests.swift */; };
		E7500B712805CFCA009E4D55 /* Tests_macOS.swift in Sources */ = {isa = PBXBuildFile; fileRef = E7500B702805CFCA009E4D55 /* Tests_macOS.swift */; };
		E7500B732805CFCA009E4D55 /* Tests_macOSLaunchTests.swift in Sources */ = {isa = PBXBuildFile; fileRef = E7500B722805CFCA009E4D55 /* Tests_macOSLaunchTests.swift */; };
		E7500B742805CFCA009E4D55 /* testaudioApp.swift in Sources */ = {isa = PBXBuildFile; fileRef = E7500B4C2805CFC8009E4D55 /* testaudioApp.swift */; };
		E7500B752805CFCA009E4D55 /* testaudioApp.swift in Sources */ = {isa = PBXBuildFile; fileRef = E7500B4C2805CFC8009E4D55 /* testaudioApp.swift */; };
		E7500B762805CFCA009E4D55 /* ContentView.swift in Sources */ = {isa = PBXBuildFile; fileRef = E7500B4D2805CFC8009E4D55 /* ContentView.swift */; };
		E7500B772805CFCA009E4D55 /* ContentView.swift in Sources */ = {isa = PBXBuildFile; fileRef = E7500B4D2805CFC8009E4D55 /* ContentView.swift */; };
		E7500B782805CFCA009E4D55 /* Assets.xcassets in Resources */ = {isa = PBXBuildFile; fileRef = E7500B4E2805CFCA009E4D55 /* Assets.xcassets */; };
		E7500B792805CFCA009E4D55 /* Assets.xcassets in Resources */ = {isa = PBXBuildFile; fileRef = E7500B4E2805CFCA009E4D55 /* Assets.xcassets */; };
/* End PBXBuildFile section */

/* Begin PBXContainerItemProxy section */
		E7500B612805CFCA009E4D55 /* PBXContainerItemProxy */ = {
			isa = PBXContainerItemProxy;
			containerPortal = E7500B472805CFC8009E4D55 /* Project object */;
			proxyType = 1;
			remoteGlobalIDString = E7500B522805CFCA009E4D55;
			remoteInfo = "testaudio (iOS)";
		};
		E7500B6D2805CFCA009E4D55 /* PBXContainerItemProxy */ = {
			isa = PBXContainerItemProxy;
			containerPortal = E7500B472805CFC8009E4D55 /* Project object */;
			proxyType = 1;
			remoteGlobalIDString = E7500B582805CFCA009E4D55;
			remoteInfo = "testaudio (macOS)";
		};
/* End PBXContainerItemProxy section */

/* Begin PBXFileReference section */
		E7500B4C2805CFC8009E4D55 /* testaudioApp.swift */ = {isa = PBXFileReference; lastKnownFileType = sourcecode.swift; path = testaudioApp.swift; sourceTree = "<group>"; };
		E7500B4D2805CFC8009E4D55 /* ContentView.swift */ = {isa = PBXFileReference; lastKnownFileType = sourcecode.swift; path = ContentView.swift; sourceTree = "<group>"; };
		E7500B4E2805CFCA009E4D55 /* Assets.xcassets */ = {isa = PBXFileReference; lastKnownFileType = folder.assetcatalog; path = Assets.xcassets; sourceTree = "<group>"; };
		E7500B532805CFCA009E4D55 /* testaudio.app */ = {isa = PBXFileReference; explicitFileType = wrapper.application; includeInIndex = 0; path = testaudio.app; sourceTree = BUILT_PRODUCTS_DIR; };
		E7500B592805CFCA009E4D55 /* testaudio.app */ = {isa = PBXFileReference; explicitFileType = wrapper.application; includeInIndex = 0; path = testaudio.app; sourceTree = BUILT_PRODUCTS_DIR; };
		E7500B5B2805CFCA009E4D55 /* macOS.entitlements */ = {isa = PBXFileReference; lastKnownFileType = text.plist.entitlements; path = macOS.entitlements; sourceTree = "<group>"; };
		E7500B602805CFCA009E4D55 /* Tests iOS.xctest */ = {isa = PBXFileReference; explicitFileType = wrapper.cfbundle; includeInIndex = 0; path = "Tests iOS.xctest"; sourceTree = BUILT_PRODUCTS_DIR; };
		E7500B642805CFCA009E4D55 /* Tests_iOS.swift */ = {isa = PBXFileReference; lastKnownFileType = sourcecode.swift; path = Tests_iOS.swift; sourceTree = "<group>"; };
		E7500B662805CFCA009E4D55 /* Tests_iOSLaunchTests.swift */ = {isa = PBXFileReference; lastKnownFileType = sourcecode.swift; path = Tests_iOSLaunchTests.swift; sourceTree = "<group>"; };
		E7500B6C2805CFCA009E4D55 /* Tests macOS.xctest */ = {isa = PBXFileReference; explicitFileType = wrapper.cfbundle; includeInIndex = 0; path = "Tests macOS.xctest"; sourceTree = BUILT_PRODUCTS_DIR; };
		E7500B702805CFCA009E4D55 /* Tests_macOS.swift */ = {isa = PBXFileReference; lastKnownFileType = sourcecode.swift; path = Tests_macOS.swift; sourceTree = "<group>"; };
		E7500B722805CFCA009E4D55 /* Tests_macOSLaunchTests.swift */ = {isa = PBXFileReference; lastKnownFileType = sourcecode.swift; path = Tests_macOSLaunchTests.swift; sourceTree = "<group>"; };
/* End PBXFileReference section */

/* Begin PBXFrameworksBuildPhase section */
		E7500B502805CFCA009E4D55 /* Frameworks */ = {
			isa = PBXFrameworksBuildPhase;
			buildActionMask = 2147483647;
			files = (
			);
			runOnlyForDeploymentPostprocessing = 0;
		};
		E7500B562805CFCA009E4D55 /* Frameworks */ = {
			isa = PBXFrameworksBuildPhase;
			buildActionMask = 2147483647;
			files = (
			);
			runOnlyForDeploymentPostprocessing = 0;
		};
		E7500B5D2805CFCA009E4D55 /* Frameworks */ = {
			isa = PBXFrameworksBuildPhase;
			buildActionMask = 2147483647;
			files = (
			);
			runOnlyForDeploymentPostprocessing = 0;
		};
		E7500B692805CFCA009E4D55 /* Frameworks */ = {
			isa = PBXFrameworksBuildPhase;
			buildActionMask = 2147483647;
			files = (
			);
			runOnlyForDeploymentPostprocessing = 0;
		};
/* End PBXFrameworksBuildPhase section */

/* Begin PBXGroup section */
		E7500B462805CFC8009E4D55 = {
			isa = PBXGroup;
			children = (
				E7500B4B2805CFC8009E4D55 /* Shared */,
				E7500B5A2805CFCA009E4D55 /* macOS */,
				E7500B632805CFCA009E4D55 /* Tests iOS */,
				E7500B6F2805CFCA009E4D55 /* Tests macOS */,
				E7500B542805CFCA009E4D55 /* Products */,
			);
			sourceTree = "<group>";
		};
		E7500B4B2805CFC8009E4D55 /* Shared */ = {
			isa = PBXGroup;
			children = (
				E7500B4C2805CFC8009E4D55 /* testaudioApp.swift */,
				E7500B4D2805CFC8009E4D55 /* ContentView.swift */,
				E7500B4E2805CFCA009E4D55 /* Assets.xcassets */,
			);
			path = Shared;
			sourceTree = "<group>";
		};
		E7500B542805CFCA009E4D55 /* Products */ = {
			isa = PBXGroup;
			children = (
				E7500B532805CFCA009E4D55 /* testaudio.app */,
				E7500B592805CFCA009E4D55 /* testaudio.app */,
				E7500B602805CFCA009E4D55 /* Tests iOS.xctest */,
				E7500B6C2805CFCA009E4D55 /* Tests macOS.xctest */,
			);
			name = Products;
			sourceTree = "<group>";
		};
		E7500B5A2805CFCA009E4D55 /* macOS */ = {
			isa = PBXGroup;
			children = (
				E7500B5B2805CFCA009E4D55 /* macOS.entitlements */,
			);
			path = macOS;
			sourceTree = "<group>";
		};
		E7500B632805CFCA009E4D55 /* Tests iOS */ = {
			isa = PBXGroup;
			children = (
				E7500B642805CFCA009E4D55 /* Tests_iOS.swift */,
				E7500B662805CFCA009E4D55 /* Tests_iOSLaunchTests.swift */,
			);
			path = "Tests iOS";
			sourceTree = "<group>";
		};
		E7500B6F2805CFCA009E4D55 /* Tests macOS */ = {
			isa = PBXGroup;
			children = (
				E7500B702805CFCA009E4D55 /* Tests_macOS.swift */,
				E7500B722805CFCA009E4D55 /* Tests_macOSLaunchTests.swift */,
			);
			path = "Tests macOS";
			sourceTree = "<group>";
		};
/* End PBXGroup section */

/* Begin PBXNativeTarget section */
		E7500B522805CFCA009E4D55 /* testaudio (iOS) */ = {
			isa = PBXNativeTarget;
			buildConfigurationList = E7500B7C2805CFCA009E4D55 /* Build configuration list for PBXNativeTarget "testaudio (iOS)" */;
			buildPhases = (
				E7500B4F2805CFCA009E4D55 /* Sources */,
				E7500B502805CFCA009E4D55 /* Frameworks */,
				E7500B512805CFCA009E4D55 /* Resources */,
			);
			buildRules = (
			);
			dependencies = (
			);
			name = "testaudio (iOS)";
			productName = "testaudio (iOS)";
			productReference = E7500B532805CFCA009E4D55 /* testaudio.app */;
			productType = "com.apple.product-type.application";
		};
		E7500B582805CFCA009E4D55 /* testaudio (macOS) */ = {
			isa = PBXNativeTarget;
			buildConfigurationList = E7500B7F2805CFCA009E4D55 /* Build configuration list for PBXNativeTarget "testaudio (macOS)" */;
			buildPhases = (
				E7500B552805CFCA009E4D55 /* Sources */,
				E7500B562805CFCA009E4D55 /* Frameworks */,
				E7500B572805CFCA009E4D55 /* Resources */,
			);
			buildRules = (
			);
			dependencies = (
			);
			name = "testaudio (macOS)";
			productName = "testaudio (macOS)";
			productReference = E7500B592805CFCA009E4D55 /* testaudio.app */;
			productType = "com.apple.product-type.application";
		};
		E7500B5F2805CFCA009E4D55 /* Tests iOS */ = {
			isa = PBXNativeTarget;
			buildConfigurationList = E7500B822805CFCA009E4D55 /* Build configuration list for PBXNativeTarget "Tests iOS" */;
			buildPhases = (
				E7500B5C2805CFCA009E4D55 /* Sources */,
				E7500B5D2805CFCA009E4D55 /* Frameworks */,
				E7500B5E2805CFCA009E4D55 /* Resources */,
			);
			buildRules = (
			);
			dependencies = (
				E7500B622805CFCA009E4D55 /* PBXTargetDependency */,
			);
			name = "Tests iOS";
			productName = "Tests iOS";
			productReference = E7500B602805CFCA009E4D55 /* Tests iOS.xctest */;
			productType = "com.apple.product-type.bundle.ui-testing";
		};
		E7500B6B2805CFCA009E4D55 /* Tests macOS */ = {
			isa = PBXNativeTarget;
			buildConfigurationList = E7500B852805CFCA009E4D55 /* Build configuration list for PBXNativeTarget "Tests macOS" */;
			buildPhases = (
				E7500B682805CFCA009E4D55 /* Sources */,
				E7500B692805CFCA009E4D55 /* Frameworks */,
				E7500B6A2805CFCA009E4D55 /* Resources */,
			);
			buildRules = (
			);
			dependencies = (
				E7500B6E2805CFCA009E4D55 /* PBXTargetDependency */,
			);
			name = "Tests macOS";
			productName = "Tests macOS";
			productReference = E7500B6C2805CFCA009E4D55 /* Tests macOS.xctest */;
			productType = "com.apple.product-type.bundle.ui-testing";
		};
/* End PBXNativeTarget section */

/* Begin PBXProject section */
		E7500B472805CFC8009E4D55 /* Project object */ = {
			isa = PBXProject;
			attributes = {
				BuildIndependentTargetsInParallel = 1;
				LastSwiftUpdateCheck = 1330;
				LastUpgradeCheck = 1330;
				TargetAttributes = {
					E7500B522805CFCA009E4D55 = {
						CreatedOnToolsVersion = 13.3.1;
					};
					E7500B582805CFCA009E4D55 = {
						CreatedOnToolsVersion = 13.3.1;
					};
					E7500B5F2805CFCA009E4D55 = {
						CreatedOnToolsVersion = 13.3.1;
						TestTargetID = E7500B522805CFCA009E4D55;
					};
					E7500B6B2805CFCA009E4D55 = {
						CreatedOnToolsVersion = 13.3.1;
						TestTargetID = E7500B582805CFCA009E4D55;
					};
				};
			};
			buildConfigurationList = E7500B4A2805CFC8009E4D55 /* Build configuration list for PBXProject "testaudio" */;
			compatibilityVersion = "Xcode 13.0";
			developmentRegion = en;
			hasScannedForEncodings = 0;
			knownRegions = (
				en,
				Base,
			);
			mainGroup = E7500B462805CFC8009E4D55;
			productRefGroup = E7500B542805CFCA009E4D55 /* Products */;
			projectDirPath = "";
			projectRoot = "";
			targets = (
				E7500B522805CFCA009E4D55 /* testaudio (iOS) */,
				E7500B582805CFCA009E4D55 /* testaudio (macOS) */,
				E7500B5F2805CFCA009E4D55 /* Tests iOS */,
				E7500B6B2805CFCA009E4D55 /* Tests macOS */,
			);
		};
/* End PBXProject section */

/* Begin PBXResourcesBuildPhase section */
		E7500B512805CFCA009E4D55 /* Resources */ = {
			isa = PBXResourcesBuildPhase;
			buildActionMask = 2147483647;
			files = (
				E7500B782805CFCA009E4D55 /* Assets.xcassets in Resources */,
			);
			runOnlyForDeploymentPostprocessing = 0;
		};
		E7500B572805CFCA009E4D55 /* Resources */ = {
			isa = PBXResourcesBuildPhase;
			buildActionMask = 2147483647;
			files = (
				E7500B792805CFCA009E4D55 /* Assets.xcassets in Resources */,
			);
			runOnlyForDeploymentPostprocessing = 0;
		};
		E7500B5E2805CFCA009E4D55 /* Resources */ = {
			isa = PBXResourcesBuildPhase;
			buildActionMask = 2147483647;
			files = (
			);
			runOnlyForDeploymentPostprocessing = 0;
		};
		E7500B6A2805CFCA009E4D55 /* Resources */ = {
			isa = PBXResourcesBuildPhase;
			buildActionMask = 2147483647;
			files = (
			);
			runOnlyForDeploymentPostprocessing = 0;
		};
/* End PBXResourcesBuildPhase section */

/* Begin PBXSourcesBuildPhase section */
		E7500B4F2805CFCA009E4D55 /* Sources */ = {
			isa = PBXSourcesBuildPhase;
			buildActionMask = 2147483647;
			files = (
				E7500B762805CFCA009E4D55 /* ContentView.swift in Sources */,
				E7500B742805CFCA009E4D55 /* testaudioApp.swift in Sources */,
			);
			runOnlyForDeploymentPostprocessing = 0;
		};
		E7500B552805CFCA009E4D55 /* Sources */ = {
			isa = PBXSourcesBuildPhase;
			buildActionMask = 2147483647;
			files = (
				E7500B772805CFCA009E4D55 /* ContentView.swift in Sources */,
				E7500B752805CFCA009E4D55 /* testaudioApp.swift in Sources */,
			);
			runOnlyForDeploymentPostprocessing = 0;
		};
		E7500B5C2805CFCA009E4D55 /* Sources */ = {
			isa = PBXSourcesBuildPhase;
			buildActionMask = 2147483647;
			files = (
				E7500B672805CFCA009E4D55 /* Tests_iOSLaunchTests.swift in Sources */,
				E7500B652805CFCA009E4D55 /* Tests_iOS.swift in Sources */,
			);
			runOnlyForDeploymentPostprocessing = 0;
		};
		E7500B682805CFCA009E4D55 /* Sources */ = {
			isa = PBXSourcesBuildPhase;
			buildActionMask = 2147483647;
			files = (
				E7500B732805CFCA009E4D55 /* Tests_macOSLaunchTests.swift in Sources */,
				E7500B712805CFCA009E4D55 /* Tests_macOS.swift in Sources */,
			);
			runOnlyForDeploymentPostprocessing = 0;
		};
/* End PBXSourcesBuildPhase section */

/* Begin PBXTargetDependency section */
		E7500B622805CFCA009E4D55 /* PBXTargetDependency */ = {
			isa = PBXTargetDependency;
			target = E7500B522805CFCA009E4D55 /* testaudio (iOS) */;
			targetProxy = E7500B612805CFCA009E4D55 /* PBXContainerItemProxy */;
		};
		E7500B6E2805CFCA009E4D55 /* PBXTargetDependency */ = {
			isa = PBXTargetDependency;
			target = E7500B582805CFCA009E4D55 /* testaudio (macOS) */;
			targetProxy = E7500B6D2805CFCA009E4D55 /* PBXContainerItemProxy */;
		};
/* End PBXTargetDependency section */

/* Begin XCBuildConfiguration section */
		E7500B7A2805CFCA009E4D55 /* Debug */ = {
			isa = XCBuildConfiguration;
			buildSettings = {
				ALWAYS_SEARCH_USER_PATHS = NO;
				CLANG_ANALYZER_NONNULL = YES;
				CLANG_ANALYZER_NUMBER_OBJECT_CONVERSION = YES_AGGRESSIVE;
				CLANG_CXX_LANGUAGE_STANDARD = "gnu++17";
				CLANG_ENABLE_MODULES = YES;
				CLANG_ENABLE_OBJC_ARC = YES;
				CLANG_ENABLE_OBJC_WEAK = YES;
				CLANG_WARN_BLOCK_CAPTURE_AUTORELEASING = YES;
				CLANG_WARN_BOOL_CONVERSION = YES;
				CLANG_WARN_COMMA = YES;
				CLANG_WARN_CONSTANT_CONVERSION = YES;
				CLANG_WARN_DEPRECATED_OBJC_IMPLEMENTATIONS = YES;
				CLANG_WARN_DIRECT_OBJC_ISA_USAGE = YES_ERROR;
				CLANG_WARN_DOCUMENTATION_COMMENTS = YES;
				CLANG_WARN_EMPTY_BODY = YES;
				CLANG_WARN_ENUM_CONVERSION = YES;
				CLANG_WARN_INFINITE_RECURSION = YES;
				CLANG_WARN_INT_CONVERSION = YES;
				CLANG_WARN_NON_LITERAL_NULL_CONVERSION = YES;
				CLANG_WARN_OBJC_IMPLICIT_RETAIN_SELF = YES;
				CLANG_WARN_OBJC_LITERAL_CONVERSION = YES;
				CLANG_WARN_OBJC_ROOT_CLASS = YES_ERROR;
				CLANG_WARN_QUOTED_INCLUDE_IN_FRAMEWORK_HEADER = YES;
				CLANG_WARN_RANGE_LOOP_ANALYSIS = YES;
				CLANG_WARN_STRICT_PROTOTYPES = YES;
				CLANG_WARN_SUSPICIOUS_MOVE = YES;
				CLANG_WARN_UNGUARDED_AVAILABILITY = YES_AGGRESSIVE;
				CLANG_WARN_UNREACHABLE_CODE = YES;
				CLANG_WARN__DUPLICATE_METHOD_MATCH = YES;
				COPY_PHASE_STRIP = NO;
				DEBUG_INFORMATION_FORMAT = dwarf;
				ENABLE_STRICT_OBJC_MSGSEND = YES;
				ENABLE_TESTABILITY = YES;
				GCC_C_LANGUAGE_STANDARD = gnu11;
				GCC_DYNAMIC_NO_PIC = NO;
				GCC_NO_COMMON_BLOCKS = YES;
				GCC_OPTIMIZATION_LEVEL = 0;
				GCC_PREPROCESSOR_DEFINITIONS = (
					"DEBUG=1",
					"$(inherited)",
				);
				GCC_WARN_64_TO_32_BIT_CONVERSION = YES;
				GCC_WARN_ABOUT_RETURN_TYPE = YES_ERROR;
				GCC_WARN_UNDECLARED_SELECTOR = YES;
				GCC_WARN_UNINITIALIZED_AUTOS = YES_AGGRESSIVE;
				GCC_WARN_UNUSED_FUNCTION = YES;
				GCC_WARN_UNUSED_VARIABLE = YES;
				MTL_ENABLE_DEBUG_INFO = INCLUDE_SOURCE;
				MTL_FAST_MATH = YES;
				ONLY_ACTIVE_ARCH = YES;
				SWIFT_ACTIVE_COMPILATION_CONDITIONS = DEBUG;
				SWIFT_OPTIMIZATION_LEVEL = "-Onone";
			};
			name = Debug;
		};
		E7500B7B2805CFCA009E4D55 /* Release */ = {
			isa = XCBuildConfiguration;
			buildSettings = {
				ALWAYS_SEARCH_USER_PATHS = NO;
				CLANG_ANALYZER_NONNULL = YES;
				CLANG_ANALYZER_NUMBER_OBJECT_CONVERSION = YES_AGGRESSIVE;
				CLANG_CXX_LANGUAGE_STANDARD = "gnu++17";
				CLANG_ENABLE_MODULES = YES;
				CLANG_ENABLE_OBJC_ARC = YES;
				CLANG_ENABLE_OBJC_WEAK = YES;
				CLANG_WARN_BLOCK_CAPTURE_AUTORELEASING = YES;
				CLANG_WARN_BOOL_CONVERSION = YES;
				CLANG_WARN_COMMA = YES;
				CLANG_WARN_CONSTANT_CONVERSION = YES;
				CLANG_WARN_DEPRECATED_OBJC_IMPLEMENTATIONS = YES;
				CLANG_WARN_DIRECT_OBJC_ISA_USAGE = YES_ERROR;
				CLANG_WARN_DOCUMENTATION_COMMENTS = YES;
				CLANG_WARN_EMPTY_BODY = YES;
				CLANG_WARN_ENUM_CONVERSION = YES;
				CLANG_WARN_INFINITE_RECURSION = YES;
				CLANG_WARN_INT_CONVERSION = YES;
				CLANG_WARN_NON_LITERAL_NULL_CONVERSION = YES;
				CLANG_WARN_OBJC_IMPLICIT_RETAIN_SELF = YES;
				CLANG_WARN_OBJC_LITERAL_CONVERSION = YES;
				CLANG_WARN_OBJC_ROOT_CLASS = YES_ERROR;
				CLANG_WARN_QUOTED_INCLUDE_IN_FRAMEWORK_HEADER = YES;
				CLANG_WARN_RANGE_LOOP_ANALYSIS = YES;
				CLANG_WARN_STRICT_PROTOTYPES = YES;
				CLANG_WARN_SUSPICIOUS_MOVE = YES;
				CLANG_WARN_UNGUARDED_AVAILABILITY = YES_AGGRESSIVE;
				CLANG_WARN_UNREACHABLE_CODE = YES;
				CLANG_WARN__DUPLICATE_METHOD_MATCH = YES;
				COPY_PHASE_STRIP = NO;
				DEBUG_INFORMATION_FORMAT = "dwarf-with-dsym";
				ENABLE_NS_ASSERTIONS = NO;
				ENABLE_STRICT_OBJC_MSGSEND = YES;
				GCC_C_LANGUAGE_STANDARD = gnu11;
				GCC_NO_COMMON_BLOCKS = YES;
				GCC_WARN_64_TO_32_BIT_CONVERSION = YES;
				GCC_WARN_ABOUT_RETURN_TYPE = YES_ERROR;
				GCC_WARN_UNDECLARED_SELECTOR = YES;
				GCC_WARN_UNINITIALIZED_AUTOS = YES_AGGRESSIVE;
				GCC_WARN_UNUSED_FUNCTION = YES;
				GCC_WARN_UNUSED_VARIABLE = YES;
				MTL_ENABLE_DEBUG_INFO = NO;
				MTL_FAST_MATH = YES;
				SWIFT_COMPILATION_MODE = wholemodule;
				SWIFT_OPTIMIZATION_LEVEL = "-O";
			};
			name = Release;
		};
		E7500B7D2805CFCA009E4D55 /* Debug */ = {
			isa = XCBuildConfiguration;
			buildSettings = {
				ASSETCATALOG_COMPILER_APPICON_NAME = AppIcon;
				ASSETCATALOG_COMPILER_GLOBAL_ACCENT_COLOR_NAME = AccentColor;
				CODE_SIGN_STYLE = Automatic;
				CURRENT_PROJECT_VERSION = 1;
				DEVELOPMENT_TEAM = 7AA87AZ875;
				ENABLE_PREVIEWS = YES;
				GENERATE_INFOPLIST_FILE = YES;
				INFOPLIST_KEY_UIApplicationSceneManifest_Generation = YES;
				INFOPLIST_KEY_UIApplicationSupportsIndirectInputEvents = YES;
				INFOPLIST_KEY_UILaunchScreen_Generation = YES;
				INFOPLIST_KEY_UISupportedInterfaceOrientations_iPad = "UIInterfaceOrientationPortrait UIInterfaceOrientationPortraitUpsideDown UIInterfaceOrientationLandscapeLeft UIInterfaceOrientationLandscapeRight";
				INFOPLIST_KEY_UISupportedInterfaceOrientations_iPhone = "UIInterfaceOrientationPortrait UIInterfaceOrientationLandscapeLeft UIInterfaceOrientationLandscapeRight";
				IPHONEOS_DEPLOYMENT_TARGET = 15.4;
				LD_RUNPATH_SEARCH_PATHS = (
					"$(inherited)",
					"@executable_path/Frameworks",
				);
				MARKETING_VERSION = 1.0;
				PRODUCT_BUNDLE_IDENTIFIER = "com.KCs-peditor2.testaudio";
				PRODUCT_NAME = testaudio;
				SDKROOT = iphoneos;
				SWIFT_EMIT_LOC_STRINGS = YES;
				SWIFT_VERSION = 5.0;
				TARGETED_DEVICE_FAMILY = "1,2";
			};
			name = Debug;
		};
		E7500B7E2805CFCA009E4D55 /* Release */ = {
			isa = XCBuildConfiguration;
			buildSettings = {
				ASSETCATALOG_COMPILER_APPICON_NAME = AppIcon;
				ASSETCATALOG_COMPILER_GLOBAL_ACCENT_COLOR_NAME = AccentColor;
				CODE_SIGN_STYLE = Automatic;
				CURRENT_PROJECT_VERSION = 1;
				DEVELOPMENT_TEAM = 7AA87AZ875;
				ENABLE_PREVIEWS = YES;
				GENERATE_INFOPLIST_FILE = YES;
				INFOPLIST_KEY_UIApplicationSceneManifest_Generation = YES;
				INFOPLIST_KEY_UIApplicationSupportsIndirectInputEvents = YES;
				INFOPLIST_KEY_UILaunchScreen_Generation = YES;
				INFOPLIST_KEY_UISupportedInterfaceOrientations_iPad = "UIInterfaceOrientationPortrait UIInterfaceOrientationPortraitUpsideDown UIInterfaceOrientationLandscapeLeft UIInterfaceOrientationLandscapeRight";
				INFOPLIST_KEY_UISupportedInterfaceOrientations_iPhone = "UIInterfaceOrientationPortrait UIInterfaceOrientationLandscapeLeft UIInterfaceOrientationLandscapeRight";
				IPHONEOS_DEPLOYMENT_TARGET = 15.4;
				LD_RUNPATH_SEARCH_PATHS = (
					"$(inherited)",
					"@executable_path/Frameworks",
				);
				MARKETING_VERSION = 1.0;
				PRODUCT_BUNDLE_IDENTIFIER = "com.KCs-peditor2.testaudio";
				PRODUCT_NAME = testaudio;
				SDKROOT = iphoneos;
				SWIFT_EMIT_LOC_STRINGS = YES;
				SWIFT_VERSION = 5.0;
				TARGETED_DEVICE_FAMILY = "1,2";
				VALIDATE_PRODUCT = YES;
			};
			name = Release;
		};
		E7500B802805CFCA009E4D55 /* Debug */ = {
			isa = XCBuildConfiguration;
			buildSettings = {
				ASSETCATALOG_COMPILER_APPICON_NAME = AppIcon;
				ASSETCATALOG_COMPILER_GLOBAL_ACCENT_COLOR_NAME = AccentColor;
				CODE_SIGN_ENTITLEMENTS = macOS/macOS.entitlements;
				CODE_SIGN_STYLE = Automatic;
				COMBINE_HIDPI_IMAGES = YES;
				CURRENT_PROJECT_VERSION = 1;
				DEVELOPMENT_TEAM = 7AA87AZ875;
				ENABLE_HARDENED_RUNTIME = YES;
				ENABLE_PREVIEWS = YES;
				GENERATE_INFOPLIST_FILE = YES;
				INFOPLIST_KEY_NSHumanReadableCopyright = "";
				LD_RUNPATH_SEARCH_PATHS = (
					"$(inherited)",
					"@executable_path/../Frameworks",
				);
				MACOSX_DEPLOYMENT_TARGET = 12.3;
				MARKETING_VERSION = 1.0;
				PRODUCT_BUNDLE_IDENTIFIER = "com.KCs-peditor2.testaudio";
				PRODUCT_NAME = testaudio;
				SDKROOT = macosx;
				SWIFT_EMIT_LOC_STRINGS = YES;
				SWIFT_VERSION = 5.0;
			};
			name = Debug;
		};
		E7500B812805CFCA009E4D55 /* Release */ = {
			isa = XCBuildConfiguration;
			buildSettings = {
				ASSETCATALOG_COMPILER_APPICON_NAME = AppIcon;
				ASSETCATALOG_COMPILER_GLOBAL_ACCENT_COLOR_NAME = AccentColor;
				CODE_SIGN_ENTITLEMENTS = macOS/macOS.entitlements;
				CODE_SIGN_STYLE = Automatic;
				COMBINE_HIDPI_IMAGES = YES;
				CURRENT_PROJECT_VERSION = 1;
				DEVELOPMENT_TEAM = 7AA87AZ875;
				ENABLE_HARDENED_RUNTIME = YES;
				ENABLE_PREVIEWS = YES;
				GENERATE_INFOPLIST_FILE = YES;
				INFOPLIST_KEY_NSHumanReadableCopyright = "";
				LD_RUNPATH_SEARCH_PATHS = (
					"$(inherited)",
					"@executable_path/../Frameworks",
				);
				MACOSX_DEPLOYMENT_TARGET = 12.3;
				MARKETING_VERSION = 1.0;
				PRODUCT_BUNDLE_IDENTIFIER = "com.KCs-peditor2.testaudio";
				PRODUCT_NAME = testaudio;
				SDKROOT = macosx;
				SWIFT_EMIT_LOC_STRINGS = YES;
				SWIFT_VERSION = 5.0;
			};
			name = Release;
		};
		E7500B832805CFCA009E4D55 /* Debug */ = {
			isa = XCBuildConfiguration;
			buildSettings = {
				ALWAYS_EMBED_SWIFT_STANDARD_LIBRARIES = YES;
				CODE_SIGN_STYLE = Automatic;
				CURRENT_PROJECT_VERSION = 1;
				DEVELOPMENT_TEAM = 7AA87AZ875;
				GENERATE_INFOPLIST_FILE = YES;
				IPHONEOS_DEPLOYMENT_TARGET = 15.4;
				MARKETING_VERSION = 1.0;
				PRODUCT_BUNDLE_IDENTIFIER = "com.KCs-peditor2.Tests-iOS";
				PRODUCT_NAME = "$(TARGET_NAME)";
				SDKROOT = iphoneos;
				SWIFT_EMIT_LOC_STRINGS = NO;
				SWIFT_VERSION = 5.0;
				TARGETED_DEVICE_FAMILY = "1,2";
				TEST_TARGET_NAME = "testaudio (iOS)";
			};
			name = Debug;
		};
		E7500B842805CFCA009E4D55 /* Release */ = {
			isa = XCBuildConfiguration;
			buildSettings = {
				ALWAYS_EMBED_SWIFT_STANDARD_LIBRARIES = YES;
				CODE_SIGN_STYLE = Automatic;
				CURRENT_PROJECT_VERSION = 1;
				DEVELOPMENT_TEAM = 7AA87AZ875;
				GENERATE_INFOPLIST_FILE = YES;
				IPHONEOS_DEPLOYMENT_TARGET = 15.4;
				MARKETING_VERSION = 1.0;
				PRODUCT_BUNDLE_IDENTIFIER = "com.KCs-peditor2.Tests-iOS";
				PRODUCT_NAME = "$(TARGET_NAME)";
				SDKROOT = iphoneos;
				SWIFT_EMIT_LOC_STRINGS = NO;
				SWIFT_VERSION = 5.0;
				TARGETED_DEVICE_FAMILY = "1,2";
				TEST_TARGET_NAME = "testaudio (iOS)";
				VALIDATE_PRODUCT = YES;
			};
			name = Release;
		};
		E7500B862805CFCA009E4D55 /* Debug */ = {
			isa = XCBuildConfiguration;
			buildSettings = {
				ALWAYS_EMBED_SWIFT_STANDARD_LIBRARIES = YES;
				CODE_SIGN_STYLE = Automatic;
				CURRENT_PROJECT_VERSION = 1;
				DEVELOPMENT_TEAM = 7AA87AZ875;
				GENERATE_INFOPLIST_FILE = YES;
				MACOSX_DEPLOYMENT_TARGET = 12.3;
				MARKETING_VERSION = 1.0;
				PRODUCT_BUNDLE_IDENTIFIER = "com.KCs-peditor2.Tests-macOS";
				PRODUCT_NAME = "$(TARGET_NAME)";
				SDKROOT = macosx;
				SWIFT_EMIT_LOC_STRINGS = NO;
				SWIFT_VERSION = 5.0;
				TEST_TARGET_NAME = "testaudio (macOS)";
			};
			name = Debug;
		};
		E7500B872805CFCA009E4D55 /* Release */ = {
			isa = XCBuildConfiguration;
			buildSettings = {
				ALWAYS_EMBED_SWIFT_STANDARD_LIBRARIES = YES;
				CODE_SIGN_STYLE = Automatic;
				CURRENT_PROJECT_VERSION = 1;
				DEVELOPMENT_TEAM = 7AA87AZ875;
				GENERATE_INFOPLIST_FILE = YES;
				MACOSX_DEPLOYMENT_TARGET = 12.3;
				MARKETING_VERSION = 1.0;
				PRODUCT_BUNDLE_IDENTIFIER = "com.KCs-peditor2.Tests-macOS";
				PRODUCT_NAME = "$(TARGET_NAME)";
				SDKROOT = macosx;
				SWIFT_EMIT_LOC_STRINGS = NO;
				SWIFT_VERSION = 5.0;
				TEST_TARGET_NAME = "testaudio (macOS)";
			};
			name = Release;
		};
/* End XCBuildConfiguration section */

/* Begin XCConfigurationList section */
		E7500B4A2805CFC8009E4D55 /* Build configuration list for PBXProject "testaudio" */ = {
			isa = XCConfigurationList;
			buildConfigurations = (
				E7500B7A2805CFCA009E4D55 /* Debug */,
				E7500B7B2805CFCA009E4D55 /* Release */,
			);
			defaultConfigurationIsVisible = 0;
			defaultConfigurationName = Release;
		};
		E7500B7C2805CFCA009E4D55 /* Build configuration list for PBXNativeTarget "testaudio (iOS)" */ = {
			isa = XCConfigurationList;
			buildConfigurations = (
				E7500B7D2805CFCA009E4D55 /* Debug */,
				E7500B7E2805CFCA009E4D55 /* Release */,
			);
			defaultConfigurationIsVisible = 0;
			defaultConfigurationName = Release;
		};
		E7500B7F2805CFCA009E4D55 /* Build configuration list for PBXNativeTarget "testaudio (macOS)" */ = {
			isa = XCConfigurationList;
			buildConfigurations = (
				E7500B802805CFCA009E4D55 /* Debug */,
				E7500B812805CFCA009E4D55 /* Release */,
			);
			defaultConfigurationIsVisible = 0;
			defaultConfigurationName = Release;
		};
		E7500B822805CFCA009E4D55 /* Build configuration list for PBXNativeTarget "Tests iOS" */ = {
			isa = XCConfigurationList;
			buildConfigurations = (
				E7500B832805CFCA009E4D55 /* Debug */,
				E7500B842805CFCA009E4D55 /* Release */,
			);
			defaultConfigurationIsVisible = 0;
			defaultConfigurationName = Release;
		};
		E7500B852805CFCA009E4D55 /* Build configuration list for PBXNativeTarget "Tests macOS" */ = {
			isa = XCConfigurationList;
			buildConfigurations = (
				E7500B862805CFCA009E4D55 /* Debug */,
				E7500B872805CFCA009E4D55 /* Release */,
			);
			defaultConfigurationIsVisible = 0;
			defaultConfigurationName = Release;
		};
/* End XCConfigurationList section */
	};
	rootObject = E7500B472805CFC8009E4D55 /* Project object */;
}
